// !$*UTF8*$!
{
	archiveVersion = 1;
	classes = {
	};
	objectVersion = 55;
	objects = {

/* Begin PBXBuildFile section */
		FA179CBE2E560B0700AD300E /* SecondView.swift in Sources */ = {isa = PBXBuildFile; fileRef = FA179CBD2E560B0700AD300E /* SecondView.swift */; };
		FA179CBF2E560B0700AD300E /* SecondView.swift in Sources */ = {isa = PBXBuildFile; fileRef = FA179CBD2E560B0700AD300E /* SecondView.swift */; };
		FA179CC02E560B0700AD300E /* SecondView.swift in Sources */ = {isa = PBXBuildFile; fileRef = FA179CBD2E560B0700AD300E /* SecondView.swift */; };
		FA179CC12E560B0700AD300E /* SecondView.swift in Sources */ = {isa = PBXBuildFile; fileRef = FA179CBD2E560B0700AD300E /* SecondView.swift */; };
		FADAA5C32E548DD700360555 /* Tests_iOS.swift in Sources */ = {isa = PBXBuildFile; fileRef = FADAA5C22E548DD700360555 /* Tests_iOS.swift */; };
		FADAA5C52E548DD700360555 /* Tests_iOSLaunchTests.swift in Sources */ = {isa = PBXBuildFile; fileRef = FADAA5C42E548DD700360555 /* Tests_iOSLaunchTests.swift */; };
		FADAA5CF2E548DD700360555 /* Tests_macOS.swift in Sources */ = {isa = PBXBuildFile; fileRef = FADAA5CE2E548DD700360555 /* Tests_macOS.swift */; };
		FADAA5D12E548DD700360555 /* Tests_macOSLaunchTests.swift in Sources */ = {isa = PBXBuildFile; fileRef = FADAA5D02E548DD700360555 /* Tests_macOSLaunchTests.swift */; };
		FADAA5D22E548DD700360555 /* TestApp.swift in Sources */ = {isa = PBXBuildFile; fileRef = FADAA5AA2E548DD500360555 /* TestApp.swift */; };
		FADAA5D32E548DD700360555 /* TestApp.swift in Sources */ = {isa = PBXBuildFile; fileRef = FADAA5AA2E548DD500360555 /* TestApp.swift */; };
		FADAA5D42E548DD700360555 /* ContentView.swift in Sources */ = {isa = PBXBuildFile; fileRef = FADAA5AB2E548DD500360555 /* ContentView.swift */; };
		FADAA5D52E548DD700360555 /* ContentView.swift in Sources */ = {isa = PBXBuildFile; fileRef = FADAA5AB2E548DD500360555 /* ContentView.swift */; };
		FADAA5D62E548DD700360555 /* Assets.xcassets in Resources */ = {isa = PBXBuildFile; fileRef = FADAA5AC2E548DD700360555 /* Assets.xcassets */; };
		FADAA5D72E548DD700360555 /* Assets.xcassets in Resources */ = {isa = PBXBuildFile; fileRef = FADAA5AC2E548DD700360555 /* Assets.xcassets */; };
/* End PBXBuildFile section */

/* Begin PBXContainerItemProxy section */
		FADAA5BF2E548DD700360555 /* PBXContainerItemProxy */ = {
			isa = PBXContainerItemProxy;
			containerPortal = FADAA5A52E548DD500360555 /* Project object */;
			proxyType = 1;
			remoteGlobalIDString = FADAA5B02E548DD700360555;
			remoteInfo = "Test (iOS)";
		};
		FADAA5CB2E548DD700360555 /* PBXContainerItemProxy */ = {
			isa = PBXContainerItemProxy;
			containerPortal = FADAA5A52E548DD500360555 /* Project object */;
			proxyType = 1;
			remoteGlobalIDString = FADAA5B62E548DD700360555;
			remoteInfo = "Test (macOS)";
		};
/* End PBXContainerItemProxy section */

/* Begin PBXFileReference section */
		FA179CBD2E560B0700AD300E /* SecondView.swift */ = {isa = PBXFileReference; lastKnownFileType = sourcecode.swift; path = SecondView.swift; sourceTree = "<group>"; };
		FADAA5AA2E548DD500360555 /* TestApp.swift */ = {isa = PBXFileReference; lastKnownFileType = sourcecode.swift; path = TestApp.swift; sourceTree = "<group>"; };
		FADAA5AB2E548DD500360555 /* ContentView.swift */ = {isa = PBXFileReference; lastKnownFileType = sourcecode.swift; path = ContentView.swift; sourceTree = "<group>"; };
		FADAA5AC2E548DD700360555 /* Assets.xcassets */ = {isa = PBXFileReference; lastKnownFileType = folder.assetcatalog; path = Assets.xcassets; sourceTree = "<group>"; };
		FADAA5B12E548DD700360555 /* Test.app */ = {isa = PBXFileReference; explicitFileType = wrapper.application; includeInIndex = 0; path = Test.app; sourceTree = BUILT_PRODUCTS_DIR; };
		FADAA5B72E548DD700360555 /* Test.app */ = {isa = PBXFileReference; explicitFileType = wrapper.application; includeInIndex = 0; path = Test.app; sourceTree = BUILT_PRODUCTS_DIR; };
		FADAA5B92E548DD700360555 /* macOS.entitlements */ = {isa = PBXFileReference; lastKnownFileType = text.plist.entitlements; path = macOS.entitlements; sourceTree = "<group>"; };
		FADAA5BE2E548DD700360555 /* Tests iOS.xctest */ = {isa = PBXFileReference; explicitFileType = wrapper.cfbundle; includeInIndex = 0; path = "Tests iOS.xctest"; sourceTree = BUILT_PRODUCTS_DIR; };
		FADAA5C22E548DD700360555 /* Tests_iOS.swift */ = {isa = PBXFileReference; lastKnownFileType = sourcecode.swift; path = Tests_iOS.swift; sourceTree = "<group>"; };
		FADAA5C42E548DD700360555 /* Tests_iOSLaunchTests.swift */ = {isa = PBXFileReference; lastKnownFileType = sourcecode.swift; path = Tests_iOSLaunchTests.swift; sourceTree = "<group>"; };
		FADAA5CA2E548DD700360555 /* Tests macOS.xctest */ = {isa = PBXFileReference; explicitFileType = wrapper.cfbundle; includeInIndex = 0; path = "Tests macOS.xctest"; sourceTree = BUILT_PRODUCTS_DIR; };
		FADAA5CE2E548DD700360555 /* Tests_macOS.swift */ = {isa = PBXFileReference; lastKnownFileType = sourcecode.swift; path = Tests_macOS.swift; sourceTree = "<group>"; };
		FADAA5D02E548DD700360555 /* Tests_macOSLaunchTests.swift */ = {isa = PBXFileReference; lastKnownFileType = sourcecode.swift; path = Tests_macOSLaunchTests.swift; sourceTree = "<group>"; };
/* End PBXFileReference section */

/* Begin PBXFrameworksBuildPhase section */
		FADAA5AE2E548DD700360555 /* Frameworks */ = {
			isa = PBXFrameworksBuildPhase;
			buildActionMask = 2147483647;
			files = (
			);
			runOnlyForDeploymentPostprocessing = 0;
		};
		FADAA5B42E548DD700360555 /* Frameworks */ = {
			isa = PBXFrameworksBuildPhase;
			buildActionMask = 2147483647;
			files = (
			);
			runOnlyForDeploymentPostprocessing = 0;
		};
		FADAA5BB2E548DD700360555 /* Frameworks */ = {
			isa = PBXFrameworksBuildPhase;
			buildActionMask = 2147483647;
			files = (
			);
			runOnlyForDeploymentPostprocessing = 0;
		};
		FADAA5C72E548DD700360555 /* Frameworks */ = {
			isa = PBXFrameworksBuildPhase;
			buildActionMask = 2147483647;
			files = (
			);
			runOnlyForDeploymentPostprocessing = 0;
		};
/* End PBXFrameworksBuildPhase section */

/* Begin PBXGroup section */
		FADAA5A42E548DD500360555 = {
			isa = PBXGroup;
			children = (
				FADAA5A92E548DD500360555 /* Shared */,
				FADAA5B82E548DD700360555 /* macOS */,
				FADAA5C12E548DD700360555 /* Tests iOS */,
				FADAA5CD2E548DD700360555 /* Tests macOS */,
				FADAA5B22E548DD700360555 /* Products */,
			);
			sourceTree = "<group>";
		};
		FADAA5A92E548DD500360555 /* Shared */ = {
			isa = PBXGroup;
			children = (
				FADAA5AA2E548DD500360555 /* TestApp.swift */,
				FADAA5AB2E548DD500360555 /* ContentView.swift */,
				FADAA5AC2E548DD700360555 /* Assets.xcassets */,
				FA179CBD2E560B0700AD300E /* SecondView.swift */,
			);
			path = Shared;
			sourceTree = "<group>";
		};
		FADAA5B22E548DD700360555 /* Products */ = {
			isa = PBXGroup;
			children = (
				FADAA5B12E548DD700360555 /* Test.app */,
				FADAA5B72E548DD700360555 /* Test.app */,
				FADAA5BE2E548DD700360555 /* Tests iOS.xctest */,
				FADAA5CA2E548DD700360555 /* Tests macOS.xctest */,
			);
			name = Products;
			sourceTree = "<group>";
		};
		FADAA5B82E548DD700360555 /* macOS */ = {
			isa = PBXGroup;
			children = (
				FADAA5B92E548DD700360555 /* macOS.entitlements */,
			);
			path = macOS;
			sourceTree = "<group>";
		};
		FADAA5C12E548DD700360555 /* Tests iOS */ = {
			isa = PBXGroup;
			children = (
				FADAA5C22E548DD700360555 /* Tests_iOS.swift */,
				FADAA5C42E548DD700360555 /* Tests_iOSLaunchTests.swift */,
			);
			path = "Tests iOS";
			sourceTree = "<group>";
		};
		FADAA5CD2E548DD700360555 /* Tests macOS */ = {
			isa = PBXGroup;
			children = (
				FADAA5CE2E548DD700360555 /* Tests_macOS.swift */,
				FADAA5D02E548DD700360555 /* Tests_macOSLaunchTests.swift */,
			);
			path = "Tests macOS";
			sourceTree = "<group>";
		};
/* End PBXGroup section */

/* Begin PBXNativeTarget section */
		FADAA5B02E548DD700360555 /* Test (iOS) */ = {
			isa = PBXNativeTarget;
			buildConfigurationList = FADAA5DA2E548DD700360555 /* Build configuration list for PBXNativeTarget "Test (iOS)" */;
			buildPhases = (
				FADAA5AD2E548DD700360555 /* Sources */,
				FADAA5AE2E548DD700360555 /* Frameworks */,
				FADAA5AF2E548DD700360555 /* Resources */,
			);
			buildRules = (
			);
			dependencies = (
			);
			name = "Test (iOS)";
			productName = "Test (iOS)";
			productReference = FADAA5B12E548DD700360555 /* Test.app */;
			productType = "com.apple.product-type.application";
		};
		FADAA5B62E548DD700360555 /* Test (macOS) */ = {
			isa = PBXNativeTarget;
			buildConfigurationList = FADAA5DD2E548DD700360555 /* Build configuration list for PBXNativeTarget "Test (macOS)" */;
			buildPhases = (
				FADAA5B32E548DD700360555 /* Sources */,
				FADAA5B42E548DD700360555 /* Frameworks */,
				FADAA5B52E548DD700360555 /* Resources */,
			);
			buildRules = (
			);
			dependencies = (
			);
			name = "Test (macOS)";
			productName = "Test (macOS)";
			productReference = FADAA5B72E548DD700360555 /* Test.app */;
			productType = "com.apple.product-type.application";
		};
		FADAA5BD2E548DD700360555 /* Tests iOS */ = {
			isa = PBXNativeTarget;
			buildConfigurationList = FADAA5E02E548DD700360555 /* Build configuration list for PBXNativeTarget "Tests iOS" */;
			buildPhases = (
				FADAA5BA2E548DD700360555 /* Sources */,
				FADAA5BB2E548DD700360555 /* Frameworks */,
				FADAA5BC2E548DD700360555 /* Resources */,
			);
			buildRules = (
			);
			dependencies = (
				FADAA5C02E548DD700360555 /* PBXTargetDependency */,
			);
			name = "Tests iOS";
			productName = "Tests iOS";
			productReference = FADAA5BE2E548DD700360555 /* Tests iOS.xctest */;
			productType = "com.apple.product-type.bundle.ui-testing";
		};
		FADAA5C92E548DD700360555 /* Tests macOS */ = {
			isa = PBXNativeTarget;
			buildConfigurationList = FADAA5E32E548DD700360555 /* Build configuration list for PBXNativeTarget "Tests macOS" */;
			buildPhases = (
				FADAA5C62E548DD700360555 /* Sources */,
				FADAA5C72E548DD700360555 /* Frameworks */,
				FADAA5C82E548DD700360555 /* Resources */,
			);
			buildRules = (
			);
			dependencies = (
				FADAA5CC2E548DD700360555 /* PBXTargetDependency */,
			);
			name = "Tests macOS";
			productName = "Tests macOS";
			productReference = FADAA5CA2E548DD700360555 /* Tests macOS.xctest */;
			productType = "com.apple.product-type.bundle.ui-testing";
		};
/* End PBXNativeTarget section */

/* Begin PBXProject section */
		FADAA5A52E548DD500360555 /* Project object */ = {
			isa = PBXProject;
			attributes = {
				BuildIndependentTargetsInParallel = 1;
				LastSwiftUpdateCheck = 1320;
				LastUpgradeCheck = 1320;
				TargetAttributes = {
					FADAA5B02E548DD700360555 = {
						CreatedOnToolsVersion = 13.2.1;
					};
					FADAA5B62E548DD700360555 = {
						CreatedOnToolsVersion = 13.2.1;
					};
					FADAA5BD2E548DD700360555 = {
						CreatedOnToolsVersion = 13.2.1;
						TestTargetID = FADAA5B02E548DD700360555;
					};
					FADAA5C92E548DD700360555 = {
						CreatedOnToolsVersion = 13.2.1;
						TestTargetID = FADAA5B62E548DD700360555;
					};
				};
			};
			buildConfigurationList = FADAA5A82E548DD500360555 /* Build configuration list for PBXProject "Test" */;
			compatibilityVersion = "Xcode 13.0";
			developmentRegion = en;
			hasScannedForEncodings = 0;
			knownRegions = (
				en,
				Base,
			);
			mainGroup = FADAA5A42E548DD500360555;
			productRefGroup = FADAA5B22E548DD700360555 /* Products */;
			projectDirPath = "";
			projectRoot = "";
			targets = (
				FADAA5B02E548DD700360555 /* Test (iOS) */,
				FADAA5B62E548DD700360555 /* Test (macOS) */,
				FADAA5BD2E548DD700360555 /* Tests iOS */,
				FADAA5C92E548DD700360555 /* Tests macOS */,
			);
		};
/* End PBXProject section */

/* Begin PBXResourcesBuildPhase section */
		FADAA5AF2E548DD700360555 /* Resources */ = {
			isa = PBXResourcesBuildPhase;
			buildActionMask = 2147483647;
			files = (
				FADAA5D62E548DD700360555 /* Assets.xcassets in Resources */,
			);
			runOnlyForDeploymentPostprocessing = 0;
		};
		FADAA5B52E548DD700360555 /* Resources */ = {
			isa = PBXResourcesBuildPhase;
			buildActionMask = 2147483647;
			files = (
				FADAA5D72E548DD700360555 /* Assets.xcassets in Resources */,
			);
			runOnlyForDeploymentPostprocessing = 0;
		};
		FADAA5BC2E548DD700360555 /* Resources */ = {
			isa = PBXResourcesBuildPhase;
			buildActionMask = 2147483647;
			files = (
			);
			runOnlyForDeploymentPostprocessing = 0;
		};
		FADAA5C82E548DD700360555 /* Resources */ = {
			isa = PBXResourcesBuildPhase;
			buildActionMask = 2147483647;
			files = (
			);
			runOnlyForDeploymentPostprocessing = 0;
		};
/* End PBXResourcesBuildPhase section */

/* Begin PBXSourcesBuildPhase section */
		FADAA5AD2E548DD700360555 /* Sources */ = {
			isa = PBXSourcesBuildPhase;
			buildActionMask = 2147483647;
			files = (
				FA179CBE2E560B0700AD300E /* SecondView.swift in Sources */,
				FADAA5D42E548DD700360555 /* ContentView.swift in Sources */,
				FADAA5D22E548DD700360555 /* TestApp.swift in Sources */,
			);
			runOnlyForDeploymentPostprocessing = 0;
		};
		FADAA5B32E548DD700360555 /* Sources */ = {
			isa = PBXSourcesBuildPhase;
			buildActionMask = 2147483647;
			files = (
				FA179CBF2E560B0700AD300E /* SecondView.swift in Sources */,
				FADAA5D52E548DD700360555 /* ContentView.swift in Sources */,
				FADAA5D32E548DD700360555 /* TestApp.swift in Sources */,
			);
			runOnlyForDeploymentPostprocessing = 0;
		};
		FADAA5BA2E548DD700360555 /* Sources */ = {
			isa = PBXSourcesBuildPhase;
			buildActionMask = 2147483647;
			files = (
				FA179CC02E560B0700AD300E /* SecondView.swift in Sources */,
				FADAA5C52E548DD700360555 /* Tests_iOSLaunchTests.swift in Sources */,
				FADAA5C32E548DD700360555 /* Tests_iOS.swift in Sources */,
			);
			runOnlyForDeploymentPostprocessing = 0;
		};
		FADAA5C62E548DD700360555 /* Sources */ = {
			isa = PBXSourcesBuildPhase;
			buildActionMask = 2147483647;
			files = (
				FA179CC12E560B0700AD300E /* SecondView.swift in Sources */,
				FADAA5D12E548DD700360555 /* Tests_macOSLaunchTests.swift in Sources */,
				FADAA5CF2E548DD700360555 /* Tests_macOS.swift in Sources */,
			);
			runOnlyForDeploymentPostprocessing = 0;
		};
/* End PBXSourcesBuildPhase section */

/* Begin PBXTargetDependency section */
		FADAA5C02E548DD700360555 /* PBXTargetDependency */ = {
			isa = PBXTargetDependency;
			target = FADAA5B02E548DD700360555 /* Test (iOS) */;
			targetProxy = FADAA5BF2E548DD700360555 /* PBXContainerItemProxy */;
		};
		FADAA5CC2E548DD700360555 /* PBXTargetDependency */ = {
			isa = PBXTargetDependency;
			target = FADAA5B62E548DD700360555 /* Test (macOS) */;
			targetProxy = FADAA5CB2E548DD700360555 /* PBXContainerItemProxy */;
		};
/* End PBXTargetDependency section */

/* Begin XCBuildConfiguration section */
		FADAA5D82E548DD700360555 /* Debug */ = {
			isa = XCBuildConfiguration;
			buildSettings = {
				ALWAYS_SEARCH_USER_PATHS = NO;
				CLANG_ANALYZER_NONNULL = YES;
				CLANG_ANALYZER_NUMBER_OBJECT_CONVERSION = YES_AGGRESSIVE;
				CLANG_CXX_LANGUAGE_STANDARD = "gnu++17";
				CLANG_CXX_LIBRARY = "libc++";
				CLANG_ENABLE_MODULES = YES;
				CLANG_ENABLE_OBJC_ARC = YES;
				CLANG_ENABLE_OBJC_WEAK = YES;
				CLANG_WARN_BLOCK_CAPTURE_AUTORELEASING = YES;
				CLANG_WARN_BOOL_CONVERSION = YES;
				CLANG_WARN_COMMA = YES;
				CLANG_WARN_CONSTANT_CONVERSION = YES;
				CLANG_WARN_DEPRECATED_OBJC_IMPLEMENTATIONS = YES;
				CLANG_WARN_DIRECT_OBJC_ISA_USAGE = YES_ERROR;
				CLANG_WARN_DOCUMENTATION_COMMENTS = YES;
				CLANG_WARN_EMPTY_BODY = YES;
				CLANG_WARN_ENUM_CONVERSION = YES;
				CLANG_WARN_INFINITE_RECURSION = YES;
				CLANG_WARN_INT_CONVERSION = YES;
				CLANG_WARN_NON_LITERAL_NULL_CONVERSION = YES;
				CLANG_WARN_OBJC_IMPLICIT_RETAIN_SELF = YES;
				CLANG_WARN_OBJC_LITERAL_CONVERSION = YES;
				CLANG_WARN_OBJC_ROOT_CLASS = YES_ERROR;
				CLANG_WARN_QUOTED_INCLUDE_IN_FRAMEWORK_HEADER = YES;
				CLANG_WARN_RANGE_LOOP_ANALYSIS = YES;
				CLANG_WARN_STRICT_PROTOTYPES = YES;
				CLANG_WARN_SUSPICIOUS_MOVE = YES;
				CLANG_WARN_UNGUARDED_AVAILABILITY = YES_AGGRESSIVE;
				CLANG_WARN_UNREACHABLE_CODE = YES;
				CLANG_WARN__DUPLICATE_METHOD_MATCH = YES;
				COPY_PHASE_STRIP = NO;
				DEBUG_INFORMATION_FORMAT = dwarf;
				ENABLE_STRICT_OBJC_MSGSEND = YES;
				ENABLE_TESTABILITY = YES;
				GCC_C_LANGUAGE_STANDARD = gnu11;
				GCC_DYNAMIC_NO_PIC = NO;
				GCC_NO_COMMON_BLOCKS = YES;
				GCC_OPTIMIZATION_LEVEL = 0;
				GCC_PREPROCESSOR_DEFINITIONS = (
					"DEBUG=1",
					"$(inherited)",
				);
				GCC_WARN_64_TO_32_BIT_CONVERSION = YES;
				GCC_WARN_ABOUT_RETURN_TYPE = YES_ERROR;
				GCC_WARN_UNDECLARED_SELECTOR = YES;
				GCC_WARN_UNINITIALIZED_AUTOS = YES_AGGRESSIVE;
				GCC_WARN_UNUSED_FUNCTION = YES;
				GCC_WARN_UNUSED_VARIABLE = YES;
				MTL_ENABLE_DEBUG_INFO = INCLUDE_SOURCE;
				MTL_FAST_MATH = YES;
				ONLY_ACTIVE_ARCH = YES;
				SWIFT_ACTIVE_COMPILATION_CONDITIONS = DEBUG;
				SWIFT_OPTIMIZATION_LEVEL = "-Onone";
			};
			name = Debug;
		};
		FADAA5D92E548DD700360555 /* Release */ = {
			isa = XCBuildConfiguration;
			buildSettings = {
				ALWAYS_SEARCH_USER_PATHS = NO;
				CLANG_ANALYZER_NONNULL = YES;
				CLANG_ANALYZER_NUMBER_OBJECT_CONVERSION = YES_AGGRESSIVE;
				CLANG_CXX_LANGUAGE_STANDARD = "gnu++17";
				CLANG_CXX_LIBRARY = "libc++";
				CLANG_ENABLE_MODULES = YES;
				CLANG_ENABLE_OBJC_ARC = YES;
				CLANG_ENABLE_OBJC_WEAK = YES;
				CLANG_WARN_BLOCK_CAPTURE_AUTORELEASING = YES;
				CLANG_WARN_BOOL_CONVERSION = YES;
				CLANG_WARN_COMMA = YES;
				CLANG_WARN_CONSTANT_CONVERSION = YES;
				CLANG_WARN_DEPRECATED_OBJC_IMPLEMENTATIONS = YES;
				CLANG_WARN_DIRECT_OBJC_ISA_USAGE = YES_ERROR;
				CLANG_WARN_DOCUMENTATION_COMMENTS = YES;
				CLANG_WARN_EMPTY_BODY = YES;
				CLANG_WARN_ENUM_CONVERSION = YES;
				CLANG_WARN_INFINITE_RECURSION = YES;
				CLANG_WARN_INT_CONVERSION = YES;
				CLANG_WARN_NON_LITERAL_NULL_CONVERSION = YES;
				CLANG_WARN_OBJC_IMPLICIT_RETAIN_SELF = YES;
				CLANG_WARN_OBJC_LITERAL_CONVERSION = YES;
				CLANG_WARN_OBJC_ROOT_CLASS = YES_ERROR;
				CLANG_WARN_QUOTED_INCLUDE_IN_FRAMEWORK_HEADER = YES;
				CLANG_WARN_RANGE_LOOP_ANALYSIS = YES;
				CLANG_WARN_STRICT_PROTOTYPES = YES;
				CLANG_WARN_SUSPICIOUS_MOVE = YES;
				CLANG_WARN_UNGUARDED_AVAILABILITY = YES_AGGRESSIVE;
				CLANG_WARN_UNREACHABLE_CODE = YES;
				CLANG_WARN__DUPLICATE_METHOD_MATCH = YES;
				COPY_PHASE_STRIP = NO;
				DEBUG_INFORMATION_FORMAT = "dwarf-with-dsym";
				ENABLE_NS_ASSERTIONS = NO;
				ENABLE_STRICT_OBJC_MSGSEND = YES;
				GCC_C_LANGUAGE_STANDARD = gnu11;
				GCC_NO_COMMON_BLOCKS = YES;
				GCC_WARN_64_TO_32_BIT_CONVERSION = YES;
				GCC_WARN_ABOUT_RETURN_TYPE = YES_ERROR;
				GCC_WARN_UNDECLARED_SELECTOR = YES;
				GCC_WARN_UNINITIALIZED_AUTOS = YES_AGGRESSIVE;
				GCC_WARN_UNUSED_FUNCTION = YES;
				GCC_WARN_UNUSED_VARIABLE = YES;
				MTL_ENABLE_DEBUG_INFO = NO;
				MTL_FAST_MATH = YES;
				SWIFT_COMPILATION_MODE = wholemodule;
				SWIFT_OPTIMIZATION_LEVEL = "-O";
			};
			name = Release;
		};
		FADAA5DB2E548DD700360555 /* Debug */ = {
			isa = XCBuildConfiguration;
			buildSettings = {
				ASSETCATALOG_COMPILER_APPICON_NAME = AppIcon;
				ASSETCATALOG_COMPILER_GLOBAL_ACCENT_COLOR_NAME = AccentColor;
				CODE_SIGN_STYLE = Automatic;
				CURRENT_PROJECT_VERSION = 1;
				ENABLE_PREVIEWS = YES;
				GENERATE_INFOPLIST_FILE = YES;
				INFOPLIST_KEY_UIApplicationSceneManifest_Generation = YES;
				INFOPLIST_KEY_UIApplicationSupportsIndirectInputEvents = YES;
				INFOPLIST_KEY_UILaunchScreen_Generation = YES;
				INFOPLIST_KEY_UISupportedInterfaceOrientations_iPad = "UIInterfaceOrientationPortrait UIInterfaceOrientationPortraitUpsideDown UIInterfaceOrientationLandscapeLeft UIInterfaceOrientationLandscapeRight";
				INFOPLIST_KEY_UISupportedInterfaceOrientations_iPhone = "UIInterfaceOrientationPortrait UIInterfaceOrientationLandscapeLeft UIInterfaceOrientationLandscapeRight";
				IPHONEOS_DEPLOYMENT_TARGET = 15.2;
				LD_RUNPATH_SEARCH_PATHS = (
					"$(inherited)",
					"@executable_path/Frameworks",
				);
				MARKETING_VERSION = 1.0;
				PRODUCT_BUNDLE_IDENTIFIER = "-.Test";
				PRODUCT_NAME = Test;
				SDKROOT = iphoneos;
				SWIFT_EMIT_LOC_STRINGS = YES;
				SWIFT_VERSION = 5.0;
				TARGETED_DEVICE_FAMILY = "1,2";
			};
			name = Debug;
		};
		FADAA5DC2E548DD700360555 /* Release */ = {
			isa = XCBuildConfiguration;
			buildSettings = {
				ASSETCATALOG_COMPILER_APPICON_NAME = AppIcon;
				ASSETCATALOG_COMPILER_GLOBAL_ACCENT_COLOR_NAME = AccentColor;
				CODE_SIGN_STYLE = Automatic;
				CURRENT_PROJECT_VERSION = 1;
				ENABLE_PREVIEWS = YES;
				GENERATE_INFOPLIST_FILE = YES;
				INFOPLIST_KEY_UIApplicationSceneManifest_Generation = YES;
				INFOPLIST_KEY_UIApplicationSupportsIndirectInputEvents = YES;
				INFOPLIST_KEY_UILaunchScreen_Generation = YES;
				INFOPLIST_KEY_UISupportedInterfaceOrientations_iPad = "UIInterfaceOrientationPortrait UIInterfaceOrientationPortraitUpsideDown UIInterfaceOrientationLandscapeLeft UIInterfaceOrientationLandscapeRight";
				INFOPLIST_KEY_UISupportedInterfaceOrientations_iPhone = "UIInterfaceOrientationPortrait UIInterfaceOrientationLandscapeLeft UIInterfaceOrientationLandscapeRight";
				IPHONEOS_DEPLOYMENT_TARGET = 15.2;
				LD_RUNPATH_SEARCH_PATHS = (
					"$(inherited)",
					"@executable_path/Frameworks",
				);
				MARKETING_VERSION = 1.0;
				PRODUCT_BUNDLE_IDENTIFIER = "-.Test";
				PRODUCT_NAME = Test;
				SDKROOT = iphoneos;
				SWIFT_EMIT_LOC_STRINGS = YES;
				SWIFT_VERSION = 5.0;
				TARGETED_DEVICE_FAMILY = "1,2";
				VALIDATE_PRODUCT = YES;
			};
			name = Release;
		};
		FADAA5DE2E548DD700360555 /* Debug */ = {
			isa = XCBuildConfiguration;
			buildSettings = {
				ASSETCATALOG_COMPILER_APPICON_NAME = AppIcon;
				ASSETCATALOG_COMPILER_GLOBAL_ACCENT_COLOR_NAME = AccentColor;
				CODE_SIGN_ENTITLEMENTS = macOS/macOS.entitlements;
				CODE_SIGN_STYLE = Automatic;
				COMBINE_HIDPI_IMAGES = YES;
				CURRENT_PROJECT_VERSION = 1;
				ENABLE_PREVIEWS = YES;
				GENERATE_INFOPLIST_FILE = YES;
				INFOPLIST_KEY_NSHumanReadableCopyright = "";
				LD_RUNPATH_SEARCH_PATHS = (
					"$(inherited)",
					"@executable_path/../Frameworks",
				);
				MACOSX_DEPLOYMENT_TARGET = 11.7;
				MARKETING_VERSION = 1.0;
				PRODUCT_BUNDLE_IDENTIFIER = "-.Test";
				PRODUCT_NAME = Test;
				SDKROOT = macosx;
				SWIFT_EMIT_LOC_STRINGS = YES;
				SWIFT_VERSION = 5.0;
			};
			name = Debug;
		};
		FADAA5DF2E548DD700360555 /* Release */ = {
			isa = XCBuildConfiguration;
			buildSettings = {
				ASSETCATALOG_COMPILER_APPICON_NAME = AppIcon;
				ASSETCATALOG_COMPILER_GLOBAL_ACCENT_COLOR_NAME = AccentColor;
				CODE_SIGN_ENTITLEMENTS = macOS/macOS.entitlements;
				CODE_SIGN_STYLE = Automatic;
				COMBINE_HIDPI_IMAGES = YES;
				CURRENT_PROJECT_VERSION = 1;
				ENABLE_PREVIEWS = YES;
				GENERATE_INFOPLIST_FILE = YES;
				INFOPLIST_KEY_NSHumanReadableCopyright = "";
				LD_RUNPATH_SEARCH_PATHS = (
					"$(inherited)",
					"@executable_path/../Frameworks",
				);
				MACOSX_DEPLOYMENT_TARGET = 11.7;
				MARKETING_VERSION = 1.0;
				PRODUCT_BUNDLE_IDENTIFIER = "-.Test";
				PRODUCT_NAME = Test;
				SDKROOT = macosx;
				SWIFT_EMIT_LOC_STRINGS = YES;
				SWIFT_VERSION = 5.0;
			};
			name = Release;
		};
		FADAA5E12E548DD700360555 /* Debug */ = {
			isa = XCBuildConfiguration;
			buildSettings = {
				ALWAYS_EMBED_SWIFT_STANDARD_LIBRARIES = YES;
				CODE_SIGN_STYLE = Automatic;
				CURRENT_PROJECT_VERSION = 1;
				GENERATE_INFOPLIST_FILE = YES;
				IPHONEOS_DEPLOYMENT_TARGET = 15.2;
				MARKETING_VERSION = 1.0;
				PRODUCT_BUNDLE_IDENTIFIER = "-.Tests-iOS";
				PRODUCT_NAME = "$(TARGET_NAME)";
				SDKROOT = iphoneos;
				SWIFT_EMIT_LOC_STRINGS = NO;
				SWIFT_VERSION = 5.0;
				TARGETED_DEVICE_FAMILY = "1,2";
				TEST_TARGET_NAME = "Test (iOS)";
			};
			name = Debug;
		};
		FADAA5E22E548DD700360555 /* Release */ = {
			isa = XCBuildConfiguration;
			buildSettings = {
				ALWAYS_EMBED_SWIFT_STANDARD_LIBRARIES = YES;
				CODE_SIGN_STYLE = Automatic;
				CURRENT_PROJECT_VERSION = 1;
				GENERATE_INFOPLIST_FILE = YES;
				IPHONEOS_DEPLOYMENT_TARGET = 15.2;
				MARKETING_VERSION = 1.0;
				PRODUCT_BUNDLE_IDENTIFIER = "-.Tests-iOS";
				PRODUCT_NAME = "$(TARGET_NAME)";
				SDKROOT = iphoneos;
				SWIFT_EMIT_LOC_STRINGS = NO;
				SWIFT_VERSION = 5.0;
				TARGETED_DEVICE_FAMILY = "1,2";
				TEST_TARGET_NAME = "Test (iOS)";
				VALIDATE_PRODUCT = YES;
			};
			name = Release;
		};
		FADAA5E42E548DD700360555 /* Debug */ = {
			isa = XCBuildConfiguration;
			buildSettings = {
				ALWAYS_EMBED_SWIFT_STANDARD_LIBRARIES = YES;
				CODE_SIGN_STYLE = Automatic;
				CURRENT_PROJECT_VERSION = 1;
				GENERATE_INFOPLIST_FILE = YES;
				MACOSX_DEPLOYMENT_TARGET = 11.7;
				MARKETING_VERSION = 1.0;
				PRODUCT_BUNDLE_IDENTIFIER = "-.Tests-macOS";
				PRODUCT_NAME = "$(TARGET_NAME)";
				SDKROOT = macosx;
				SWIFT_EMIT_LOC_STRINGS = NO;
				SWIFT_VERSION = 5.0;
				TEST_TARGET_NAME = "Test (macOS)";
			};
			name = Debug;
		};
		FADAA5E52E548DD700360555 /* Release */ = {
			isa = XCBuildConfiguration;
			buildSettings = {
				ALWAYS_EMBED_SWIFT_STANDARD_LIBRARIES = YES;
				CODE_SIGN_STYLE = Automatic;
				CURRENT_PROJECT_VERSION = 1;
				GENERATE_INFOPLIST_FILE = YES;
				MACOSX_DEPLOYMENT_TARGET = 11.7;
				MARKETING_VERSION = 1.0;
				PRODUCT_BUNDLE_IDENTIFIER = "-.Tests-macOS";
				PRODUCT_NAME = "$(TARGET_NAME)";
				SDKROOT = macosx;
				SWIFT_EMIT_LOC_STRINGS = NO;
				SWIFT_VERSION = 5.0;
				TEST_TARGET_NAME = "Test (macOS)";
			};
			name = Release;
		};
/* End XCBuildConfiguration section */

/* Begin XCConfigurationList section */
		FADAA5A82E548DD500360555 /* Build configuration list for PBXProject "Test" */ = {
			isa = XCConfigurationList;
			buildConfigurations = (
				FADAA5D82E548DD700360555 /* Debug */,
				FADAA5D92E548DD700360555 /* Release */,
			);
			defaultConfigurationIsVisible = 0;
			defaultConfigurationName = Release;
		};
		FADAA5DA2E548DD700360555 /* Build configuration list for PBXNativeTarget "Test (iOS)" */ = {
			isa = XCConfigurationList;
			buildConfigurations = (
				FADAA5DB2E548DD700360555 /* Debug */,
				FADAA5DC2E548DD700360555 /* Release */,
			);
			defaultConfigurationIsVisible = 0;
			defaultConfigurationName = Release;
		};
		FADAA5DD2E548DD700360555 /* Build configuration list for PBXNativeTarget "Test (macOS)" */ = {
			isa = XCConfigurationList;
			buildConfigurations = (
				FADAA5DE2E548DD700360555 /* Debug */,
				FADAA5DF2E548DD700360555 /* Release */,
			);
			defaultConfigurationIsVisible = 0;
			defaultConfigurationName = Release;
		};
		FADAA5E02E548DD700360555 /* Build configuration list for PBXNativeTarget "Tests iOS" */ = {
			isa = XCConfigurationList;
			buildConfigurations = (
				FADAA5E12E548DD700360555 /* Debug */,
				FADAA5E22E548DD700360555 /* Release */,
			);
			defaultConfigurationIsVisible = 0;
			defaultConfigurationName = Release;
		};
		FADAA5E32E548DD700360555 /* Build configuration list for PBXNativeTarget "Tests macOS" */ = {
			isa = XCConfigurationList;
			buildConfigurations = (
				FADAA5E42E548DD700360555 /* Debug */,
				FADAA5E52E548DD700360555 /* Release */,
			);
			defaultConfigurationIsVisible = 0;
			defaultConfigurationName = Release;
		};
/* End XCConfigurationList section */
	};
	rootObject = FADAA5A52E548DD500360555 /* Project object */;
}
